Microsoft Visual Studio Solution File, Format Version 10.00
# Visual Studio 2008
Project("{8BC9CEB8-8B4A-11D0-8D11-00A0C91BC942}") = "Common", "Common\Common.vcproj", "{6B142399-81F0-4239-8682-AB9C2CDAF0CB}"
	ProjectSection(ProjectDependencies) = postProject
		{F3D65572-2318-42C4-BE12-05C82C48854A} = {F3D65572-2318-42C4-BE12-05C82C48854A}
		{84399283-0232-44DE-BE8A-BC6DD7C1F7FE} = {84399283-0232-44DE-BE8A-BC6DD7C1F7FE}
	EndProjectSection
EndProject
Project("{8BC9CEB8-8B4A-11D0-8D11-00A0C91BC942}") = "Demo_Colour", "Demos\Demo_Colour\Demo_Colour.vcproj", "{8C187E6F-B315-4EC8-9240-B61A95B0E300}"
	ProjectSection(ProjectDependencies) = postProject
		{6B142399-81F0-4239-8682-AB9C2CDAF0CB} = {6B142399-81F0-4239-8682-AB9C2CDAF0CB}
		{F3D65572-2318-42C4-BE12-05C82C48854A} = {F3D65572-2318-42C4-BE12-05C82C48854A}
		{84399283-0232-44DE-BE8A-BC6DD7C1F7FE} = {84399283-0232-44DE-BE8A-BC6DD7C1F7FE}
		{6B142399-81F0-4239-8682-AB9C2CDAF0CB} = {6B142399-81F0-4239-8682-AB9C2CDAF0CB}
		{F3D65572-2318-42C4-BE12-05C82C48854A} = {F3D65572-2318-42C4-BE12-05C82C48854A}
		{84399283-0232-44DE-BE8A-BC6DD7C1F7FE} = {84399283-0232-44DE-BE8A-BC6DD7C1F7FE}
	EndProjectSection
EndProject
Project("{8BC9CEB8-8B4A-11D0-8D11-00A0C91BC942}") = "Demo_Console", "Demos\Demo_Console\Demo_Console.vcproj", "{636E2C74-FCE7-4B24-A7F0-82C6D34039A4}"
	ProjectSection(ProjectDependencies) = postProject
		{6B142399-81F0-4239-8682-AB9C2CDAF0CB} = {6B142399-81F0-4239-8682-AB9C2CDAF0CB}
		{F3D65572-2318-42C4-BE12-05C82C48854A} = {F3D65572-2318-42C4-BE12-05C82C48854A}
		{84399283-0232-44DE-BE8A-BC6DD7C1F7FE} = {84399283-0232-44DE-BE8A-BC6DD7C1F7FE}
		{6B142399-81F0-4239-8682-AB9C2CDAF0CB} = {6B142399-81F0-4239-8682-AB9C2CDAF0CB}
		{F3D65572-2318-42C4-BE12-05C82C48854A} = {F3D65572-2318-42C4-BE12-05C82C48854A}
		{84399283-0232-44DE-BE8A-BC6DD7C1F7FE} = {84399283-0232-44DE-BE8A-BC6DD7C1F7FE}
	EndProjectSection
EndProject
Project("{8BC9CEB8-8B4A-11D0-8D11-00A0C91BC942}") = "FontViewer", "Tools\FontViewer\FontViewer.vcproj", "{0E668BEE-EDD5-4DFC-B2F7-81CB2CE0CA5C}"
	ProjectSection(ProjectDependencies) = postProject
		{6B142399-81F0-4239-8682-AB9C2CDAF0CB} = {6B142399-81F0-4239-8682-AB9C2CDAF0CB}
		{F3D65572-2318-42C4-BE12-05C82C48854A} = {F3D65572-2318-42C4-BE12-05C82C48854A}
		{84399283-0232-44DE-BE8A-BC6DD7C1F7FE} = {84399283-0232-44DE-BE8A-BC6DD7C1F7FE}
		{6B142399-81F0-4239-8682-AB9C2CDAF0CB} = {6B142399-81F0-4239-8682-AB9C2CDAF0CB}
		{F3D65572-2318-42C4-BE12-05C82C48854A} = {F3D65572-2318-42C4-BE12-05C82C48854A}
		{84399283-0232-44DE-BE8A-BC6DD7C1F7FE} = {84399283-0232-44DE-BE8A-BC6DD7C1F7FE}
	EndProjectSection
EndProject
Project("{8BC9CEB8-8B4A-11D0-8D11-00A0C91BC942}") = "ImageSetViewer", "Tools\ImageSetViewer\ImageSetViewer.vcproj", "{85356A08-B701-4C46-BE4B-E3B2383A7678}"
	ProjectSection(ProjectDependencies) = postProject
		{6B142399-81F0-4239-8682-AB9C2CDAF0CB} = {6B142399-81F0-4239-8682-AB9C2CDAF0CB}
		{F3D65572-2318-42C4-BE12-05C82C48854A} = {F3D65572-2318-42C4-BE12-05C82C48854A}
		{84399283-0232-44DE-BE8A-BC6DD7C1F7FE} = {84399283-0232-44DE-BE8A-BC6DD7C1F7FE}
		{6B142399-81F0-4239-8682-AB9C2CDAF0CB} = {6B142399-81F0-4239-8682-AB9C2CDAF0CB}
		{F3D65572-2318-42C4-BE12-05C82C48854A} = {F3D65572-2318-42C4-BE12-05C82C48854A}
		{84399283-0232-44DE-BE8A-BC6DD7C1F7FE} = {84399283-0232-44DE-BE8A-BC6DD7C1F7FE}
	EndProjectSection
EndProject
Project("{8BC9CEB8-8B4A-11D0-8D11-00A0C91BC942}") = "LayoutEditor", "Tools\LayoutEditor\LayoutEditor.vcproj", "{58905CDE-0ABC-4AA4-A7F4-D73C6574A58E}"
	ProjectSection(ProjectDependencies) = postProject
		{6B142399-81F0-4239-8682-AB9C2CDAF0CB} = {6B142399-81F0-4239-8682-AB9C2CDAF0CB}
		{F3D65572-2318-42C4-BE12-05C82C48854A} = {F3D65572-2318-42C4-BE12-05C82C48854A}
		{84399283-0232-44DE-BE8A-BC6DD7C1F7FE} = {84399283-0232-44DE-BE8A-BC6DD7C1F7FE}
		{6B142399-81F0-4239-8682-AB9C2CDAF0CB} = {6B142399-81F0-4239-8682-AB9C2CDAF0CB}
		{F3D65572-2318-42C4-BE12-05C82C48854A} = {F3D65572-2318-42C4-BE12-05C82C48854A}
		{84399283-0232-44DE-BE8A-BC6DD7C1F7FE} = {84399283-0232-44DE-BE8A-BC6DD7C1F7FE}
		{3FAAADB1-80D6-499A-B003-D22F76224666} = {3FAAADB1-80D6-499A-B003-D22F76224666}
	EndProjectSection
EndProject
Project("{8BC9CEB8-8B4A-11D0-8D11-00A0C91BC942}") = "MyGUI.DirectXPlatform", "Platforms\DirectX\DirectXPlatform\MyGUI.DirectXPlatform.vcproj", "{F3D65572-2318-42C4-BE12-05C82C48854A}"
	ProjectSection(ProjectDependencies) = postProject
		{84399283-0232-44DE-BE8A-BC6DD7C1F7FE} = {84399283-0232-44DE-BE8A-BC6DD7C1F7FE}
	EndProjectSection
EndProject
Project("{8BC9CEB8-8B4A-11D0-8D11-00A0C91BC942}") = "MyGUIEngine", "MyGUIEngine\MyGUIEngine.vcproj", "{84399283-0232-44DE-BE8A-BC6DD7C1F7FE}"
EndProject
Project("{8BC9CEB8-8B4A-11D0-8D11-00A0C91BC942}") = "Plugin_StrangeButton", "Plugins\Plugin_StrangeButton\Plugin_StrangeButton.vcproj", "{3FAAADB1-80D6-499A-B003-D22F76224666}"
	ProjectSection(ProjectDependencies) = postProject
		{84399283-0232-44DE-BE8A-BC6DD7C1F7FE} = {84399283-0232-44DE-BE8A-BC6DD7C1F7FE}
		{84399283-0232-44DE-BE8A-BC6DD7C1F7FE} = {84399283-0232-44DE-BE8A-BC6DD7C1F7FE}
	EndProjectSection
EndProject
Project("{8BC9CEB8-8B4A-11D0-8D11-00A0C91BC942}") = "SkinEditor", "Tools\SkinEditor\SkinEditor.vcproj", "{DEC38180-49B4-4C60-BD6D-366621E07AFE}"
	ProjectSection(ProjectDependencies) = postProject
		{6B142399-81F0-4239-8682-AB9C2CDAF0CB} = {6B142399-81F0-4239-8682-AB9C2CDAF0CB}
		{F3D65572-2318-42C4-BE12-05C82C48854A} = {F3D65572-2318-42C4-BE12-05C82C48854A}
		{84399283-0232-44DE-BE8A-BC6DD7C1F7FE} = {84399283-0232-44DE-BE8A-BC6DD7C1F7FE}
		{6B142399-81F0-4239-8682-AB9C2CDAF0CB} = {6B142399-81F0-4239-8682-AB9C2CDAF0CB}
		{F3D65572-2318-42C4-BE12-05C82C48854A} = {F3D65572-2318-42C4-BE12-05C82C48854A}
		{84399283-0232-44DE-BE8A-BC6DD7C1F7FE} = {84399283-0232-44DE-BE8A-BC6DD7C1F7FE}
	EndProjectSection
EndProject
Global
	GlobalSection(SolutionConfigurationPlatforms) = preSolution
		Debug|Win32 = Debug|Win32
		MinSizeRel|Win32 = MinSizeRel|Win32
		Release|Win32 = Release|Win32
		RelWithDebInfo|Win32 = RelWithDebInfo|Win32
	EndGlobalSection
	GlobalSection(ProjectConfigurationPlatforms) = postSolution
		{6B142399-81F0-4239-8682-AB9C2CDAF0CB}.Debug|Win32.ActiveCfg = Debug|Win32
		{6B142399-81F0-4239-8682-AB9C2CDAF0CB}.Debug|Win32.Build.0 = Debug|Win32
		{6B142399-81F0-4239-8682-AB9C2CDAF0CB}.MinSizeRel|Win32.ActiveCfg = MinSizeRel|Win32
		{6B142399-81F0-4239-8682-AB9C2CDAF0CB}.MinSizeRel|Win32.Build.0 = MinSizeRel|Win32
		{6B142399-81F0-4239-8682-AB9C2CDAF0CB}.Release|Win32.ActiveCfg = Release|Win32
		{6B142399-81F0-4239-8682-AB9C2CDAF0CB}.Release|Win32.Build.0 = Release|Win32
		{6B142399-81F0-4239-8682-AB9C2CDAF0CB}.RelWithDebInfo|Win32.ActiveCfg = RelWithDebInfo|Win32
		{6B142399-81F0-4239-8682-AB9C2CDAF0CB}.RelWithDebInfo|Win32.Build.0 = RelWithDebInfo|Win32
		{8C187E6F-B315-4EC8-9240-B61A95B0E300}.Debug|Win32.ActiveCfg = Debug|Win32
		{8C187E6F-B315-4EC8-9240-B61A95B0E300}.Debug|Win32.Build.0 = Debug|Win32
		{8C187E6F-B315-4EC8-9240-B61A95B0E300}.MinSizeRel|Win32.ActiveCfg = MinSizeRel|Win32
		{8C187E6F-B315-4EC8-9240-B61A95B0E300}.MinSizeRel|Win32.Build.0 = MinSizeRel|Win32
		{8C187E6F-B315-4EC8-9240-B61A95B0E300}.Release|Win32.ActiveCfg = Release|Win32
		{8C187E6F-B315-4EC8-9240-B61A95B0E300}.Release|Win32.Build.0 = Release|Win32
		{8C187E6F-B315-4EC8-9240-B61A95B0E300}.RelWithDebInfo|Win32.ActiveCfg = RelWithDebInfo|Win32
		{8C187E6F-B315-4EC8-9240-B61A95B0E300}.RelWithDebInfo|Win32.Build.0 = RelWithDebInfo|Win32
		{636E2C74-FCE7-4B24-A7F0-82C6D34039A4}.Debug|Win32.ActiveCfg = Debug|Win32
		{636E2C74-FCE7-4B24-A7F0-82C6D34039A4}.Debug|Win32.Build.0 = Debug|Win32
		{636E2C74-FCE7-4B24-A7F0-82C6D34039A4}.MinSizeRel|Win32.ActiveCfg = MinSizeRel|Win32
		{636E2C74-FCE7-4B24-A7F0-82C6D34039A4}.MinSizeRel|Win32.Build.0 = MinSizeRel|Win32
		{636E2C74-FCE7-4B24-A7F0-82C6D34039A4}.Release|Win32.ActiveCfg = Release|Win32
		{636E2C74-FCE7-4B24-A7F0-82C6D34039A4}.Release|Win32.Build.0 = Release|Win32
		{636E2C74-FCE7-4B24-A7F0-82C6D34039A4}.RelWithDebInfo|Win32.ActiveCfg = RelWithDebInfo|Win32
		{636E2C74-FCE7-4B24-A7F0-82C6D34039A4}.RelWithDebInfo|Win32.Build.0 = RelWithDebInfo|Win32
		{0E668BEE-EDD5-4DFC-B2F7-81CB2CE0CA5C}.Debug|Win32.ActiveCfg = Debug|Win32
		{0E668BEE-EDD5-4DFC-B2F7-81CB2CE0CA5C}.Debug|Win32.Build.0 = Debug|Win32
		{0E668BEE-EDD5-4DFC-B2F7-81CB2CE0CA5C}.MinSizeRel|Win32.ActiveCfg = MinSizeRel|Win32
		{0E668BEE-EDD5-4DFC-B2F7-81CB2CE0CA5C}.MinSizeRel|Win32.Build.0 = MinSizeRel|Win32
		{0E668BEE-EDD5-4DFC-B2F7-81CB2CE0CA5C}.Release|Win32.ActiveCfg = Release|Win32
		{0E668BEE-EDD5-4DFC-B2F7-81CB2CE0CA5C}.Release|Win32.Build.0 = Release|Win32
		{0E668BEE-EDD5-4DFC-B2F7-81CB2CE0CA5C}.RelWithDebInfo|Win32.ActiveCfg = RelWithDebInfo|Win32
		{0E668BEE-EDD5-4DFC-B2F7-81CB2CE0CA5C}.RelWithDebInfo|Win32.Build.0 = RelWithDebInfo|Win32
		{85356A08-B701-4C46-BE4B-E3B2383A7678}.Debug|Win32.ActiveCfg = Debug|Win32
		{85356A08-B701-4C46-BE4B-E3B2383A7678}.Debug|Win32.Build.0 = Debug|Win32
		{85356A08-B701-4C46-BE4B-E3B2383A7678}.MinSizeRel|Win32.ActiveCfg = MinSizeRel|Win32
		{85356A08-B701-4C46-BE4B-E3B2383A7678}.MinSizeRel|Win32.Build.0 = MinSizeRel|Win32
		{85356A08-B701-4C46-BE4B-E3B2383A7678}.Release|Win32.ActiveCfg = Release|Win32
		{85356A08-B701-4C46-BE4B-E3B2383A7678}.Release|Win32.Build.0 = Release|Win32
		{85356A08-B701-4C46-BE4B-E3B2383A7678}.RelWithDebInfo|Win32.ActiveCfg = RelWithDebInfo|Win32
		{85356A08-B701-4C46-BE4B-E3B2383A7678}.RelWithDebInfo|Win32.Build.0 = RelWithDebInfo|Win32
		{58905CDE-0ABC-4AA4-A7F4-D73C6574A58E}.Debug|Win32.ActiveCfg = Debug|Win32
		{58905CDE-0ABC-4AA4-A7F4-D73C6574A58E}.Debug|Win32.Build.0 = Debug|Win32
		{58905CDE-0ABC-4AA4-A7F4-D73C6574A58E}.MinSizeRel|Win32.ActiveCfg = MinSizeRel|Win32
		{58905CDE-0ABC-4AA4-A7F4-D73C6574A58E}.MinSizeRel|Win32.Build.0 = MinSizeRel|Win32
		{58905CDE-0ABC-4AA4-A7F4-D73C6574A58E}.Release|Win32.ActiveCfg = Release|Win32
		{58905CDE-0ABC-4AA4-A7F4-D73C6574A58E}.Release|Win32.Build.0 = Release|Win32
		{58905CDE-0ABC-4AA4-A7F4-D73C6574A58E}.RelWithDebInfo|Win32.ActiveCfg = RelWithDebInfo|Win32
		{58905CDE-0ABC-4AA4-A7F4-D73C6574A58E}.RelWithDebInfo|Win32.Build.0 = RelWithDebInfo|Win32
		{F3D65572-2318-42C4-BE12-05C82C48854A}.Debug|Win32.ActiveCfg = Debug|Win32
		{F3D65572-2318-42C4-BE12-05C82C48854A}.Debug|Win32.Build.0 = Debug|Win32
		{F3D65572-2318-42C4-BE12-05C82C48854A}.MinSizeRel|Win32.ActiveCfg = MinSizeRel|Win32
		{F3D65572-2318-42C4-BE12-05C82C48854A}.MinSizeRel|Win32.Build.0 = MinSizeRel|Win32
		{F3D65572-2318-42C4-BE12-05C82C48854A}.Release|Win32.ActiveCfg = Release|Win32
		{F3D65572-2318-42C4-BE12-05C82C48854A}.Release|Win32.Build.0 = Release|Win32
		{F3D65572-2318-42C4-BE12-05C82C48854A}.RelWithDebInfo|Win32.ActiveCfg = RelWithDebInfo|Win32
		{F3D65572-2318-42C4-BE12-05C82C48854A}.RelWithDebInfo|Win32.Build.0 = RelWithDebInfo|Win32
		{84399283-0232-44DE-BE8A-BC6DD7C1F7FE}.Debug|Win32.ActiveCfg = Debug|Win32
		{84399283-0232-44DE-BE8A-BC6DD7C1F7FE}.Debug|Win32.Build.0 = Debug|Win32
		{84399283-0232-44DE-BE8A-BC6DD7C1F7FE}.MinSizeRel|Win32.ActiveCfg = MinSizeRel|Win32
		{84399283-0232-44DE-BE8A-BC6DD7C1F7FE}.MinSizeRel|Win32.Build.0 = MinSizeRel|Win32
		{84399283-0232-44DE-BE8A-BC6DD7C1F7FE}.Release|Win32.ActiveCfg = Release|Win32
		{84399283-0232-44DE-BE8A-BC6DD7C1F7FE}.Release|Win32.Build.0 = Release|Win32
		{84399283-0232-44DE-BE8A-BC6DD7C1F7FE}.RelWithDebInfo|Win32.ActiveCfg = RelWithDebInfo|Win32
		{84399283-0232-44DE-BE8A-BC6DD7C1F7FE}.RelWithDebInfo|Win32.Build.0 = RelWithDebInfo|Win32
		{3FAAADB1-80D6-499A-B003-D22F76224666}.Debug|Win32.ActiveCfg = Debug|Win32
		{3FAAADB1-80D6-499A-B003-D22F76224666}.Debug|Win32.Build.0 = Debug|Win32
		{3FAAADB1-80D6-499A-B003-D22F76224666}.MinSizeRel|Win32.ActiveCfg = MinSizeRel|Win32
		{3FAAADB1-80D6-499A-B003-D22F76224666}.MinSizeRel|Win32.Build.0 = MinSizeRel|Win32
		{3FAAADB1-80D6-499A-B003-D22F76224666}.Release|Win32.ActiveCfg = Release|Win32
		{3FAAADB1-80D6-499A-B003-D22F76224666}.Release|Win32.Build.0 = Release|Win32
		{3FAAADB1-80D6-499A-B003-D22F76224666}.RelWithDebInfo|Win32.ActiveCfg = RelWithDebInfo|Win32
		{3FAAADB1-80D6-499A-B003-D22F76224666}.RelWithDebInfo|Win32.Build.0 = RelWithDebInfo|Win32
		{DEC38180-49B4-4C60-BD6D-366621E07AFE}.Debug|Win32.ActiveCfg = Debug|Win32
		{DEC38180-49B4-4C60-BD6D-366621E07AFE}.Debug|Win32.Build.0 = Debug|Win32
		{DEC38180-49B4-4C60-BD6D-366621E07AFE}.MinSizeRel|Win32.ActiveCfg = MinSizeRel|Win32
		{DEC38180-49B4-4C60-BD6D-366621E07AFE}.MinSizeRel|Win32.Build.0 = MinSizeRel|Win32
		{DEC38180-49B4-4C60-BD6D-366621E07AFE}.Release|Win32.ActiveCfg = Release|Win32
		{DEC38180-49B4-4C60-BD6D-366621E07AFE}.Release|Win32.Build.0 = Release|Win32
		{DEC38180-49B4-4C60-BD6D-366621E07AFE}.RelWithDebInfo|Win32.ActiveCfg = RelWithDebInfo|Win32
		{DEC38180-49B4-4C60-BD6D-366621E07AFE}.RelWithDebInfo|Win32.Build.0 = RelWithDebInfo|Win32
	EndGlobalSection
	GlobalSection(SolutionProperties) = preSolution
		HideSolutionNode = FALSE
	EndGlobalSection
EndGlobal
