
Microsoft Visual Studio Solution File, Format Version 9.00
# Visual Studio 2005
Project("{8BC9CEB8-8B4A-11D0-8D11-00A0C91BC942}") = "GameClient", "GameClient\GameClient.vcproj", "{C9AE6665-7E52-4E5D-862D-6E37BA55FEA9}"
	ProjectSection(ProjectDependencies) = postProject
		{0CAAD250-94F2-4158-A8A5-506B578D6E08} = {0CAAD250-94F2-4158-A8A5-506B578D6E08}
		{2DB0D95C-7472-4494-BB66-E3F2624EEE87} = {2DB0D95C-7472-4494-BB66-E3F2624EEE87}
		{DFC4FCE6-5749-4FA2-8FC5-4CD42B9E9A3A} = {DFC4FCE6-5749-4FA2-8FC5-4CD42B9E9A3A}
		{6BAE9CF1-A632-461A-A5D4-527A5EB3A93D} = {6BAE9CF1-A632-461A-A5D4-527A5EB3A93D}
	EndProjectSection
EndProject
Project("{8BC9CEB8-8B4A-11D0-8D11-00A0C91BC942}") = "GameCore", "GameSDK\GameCore\GameCore.vcproj", "{2DB0D95C-7472-4494-BB66-E3F2624EEE87}"
EndProject
Project("{8BC9CEB8-8B4A-11D0-8D11-00A0C91BC942}") = "GameWorld", "GameSDK\GameWorld\GameWorld.vcproj", "{DFC4FCE6-5749-4FA2-8FC5-4CD42B9E9A3A}"
	ProjectSection(ProjectDependencies) = postProject
		{2DB0D95C-7472-4494-BB66-E3F2624EEE87} = {2DB0D95C-7472-4494-BB66-E3F2624EEE87}
	EndProjectSection
EndProject
Project("{8BC9CEB8-8B4A-11D0-8D11-00A0C91BC942}") = "GUI", "GameSDK\GameUILib\GUI.vcproj", "{0CAAD250-94F2-4158-A8A5-506B578D6E08}"
	ProjectSection(ProjectDependencies) = postProject
		{A27E7B13-1C7A-4172-9932-B0A4D15F398D} = {A27E7B13-1C7A-4172-9932-B0A4D15F398D}
		{6BAE9CF1-A632-461A-A5D4-527A5EB3A93D} = {6BAE9CF1-A632-461A-A5D4-527A5EB3A93D}
	EndProjectSection
EndProject
Project("{8BC9CEB8-8B4A-11D0-8D11-00A0C91BC942}") = "HelperLib", "Helplib\HelperLib.vcproj", "{6BAE9CF1-A632-461A-A5D4-527A5EB3A93D}"
EndProject
Project("{8BC9CEB8-8B4A-11D0-8D11-00A0C91BC942}") = "SLB", "GameSDK\SLB\SLB.vcproj", "{A27E7B13-1C7A-4172-9932-B0A4D15F398D}"
EndProject
Project("{8BC9CEB8-8B4A-11D0-8D11-00A0C91BC942}") = "hge", "Depend\hge181\src\core\hge.vcproj", "{FB1A9503-D67D-4311-AB3B-113DAD7D6F9F}"
EndProject
Project("{2150E333-8FDC-42A3-9474-1A3956D46DE8}") = "Scripts", "Scripts", "{4FD68E7D-6D5A-40DE-98F6-2483772A3860}"
	ProjectSection(SolutionItems) = preProject
		exe\Resource\Scripts\initialize.lua = exe\Resource\Scripts\initialize.lua
	EndProjectSection
EndProject
Project("{2150E333-8FDC-42A3-9474-1A3956D46DE8}") = "ui script", "ui script", "{70B08D30-AE70-4D4C-A362-6049ADCF030F}"
	ProjectSection(SolutionItems) = preProject
		exe\Resource\Scripts\ui\utility.lua = exe\Resource\Scripts\ui\utility.lua
	EndProjectSection
EndProject
Global
	GlobalSection(SolutionConfigurationPlatforms) = preSolution
		Debug|Win32 = Debug|Win32
		Release|Win32 = Release|Win32
	EndGlobalSection
	GlobalSection(ProjectConfigurationPlatforms) = postSolution
		{C9AE6665-7E52-4E5D-862D-6E37BA55FEA9}.Debug|Win32.ActiveCfg = Debug|Win32
		{C9AE6665-7E52-4E5D-862D-6E37BA55FEA9}.Debug|Win32.Build.0 = Debug|Win32
		{C9AE6665-7E52-4E5D-862D-6E37BA55FEA9}.Release|Win32.ActiveCfg = Release|Win32
		{C9AE6665-7E52-4E5D-862D-6E37BA55FEA9}.Release|Win32.Build.0 = Release|Win32
		{2DB0D95C-7472-4494-BB66-E3F2624EEE87}.Debug|Win32.ActiveCfg = Debug|Win32
		{2DB0D95C-7472-4494-BB66-E3F2624EEE87}.Debug|Win32.Build.0 = Debug|Win32
		{2DB0D95C-7472-4494-BB66-E3F2624EEE87}.Release|Win32.ActiveCfg = Release|Win32
		{2DB0D95C-7472-4494-BB66-E3F2624EEE87}.Release|Win32.Build.0 = Release|Win32
		{DFC4FCE6-5749-4FA2-8FC5-4CD42B9E9A3A}.Debug|Win32.ActiveCfg = Debug|Win32
		{DFC4FCE6-5749-4FA2-8FC5-4CD42B9E9A3A}.Debug|Win32.Build.0 = Debug|Win32
		{DFC4FCE6-5749-4FA2-8FC5-4CD42B9E9A3A}.Release|Win32.ActiveCfg = Release|Win32
		{DFC4FCE6-5749-4FA2-8FC5-4CD42B9E9A3A}.Release|Win32.Build.0 = Release|Win32
		{0CAAD250-94F2-4158-A8A5-506B578D6E08}.Debug|Win32.ActiveCfg = Debug|Win32
		{0CAAD250-94F2-4158-A8A5-506B578D6E08}.Debug|Win32.Build.0 = Debug|Win32
		{0CAAD250-94F2-4158-A8A5-506B578D6E08}.Release|Win32.ActiveCfg = Release|Win32
		{0CAAD250-94F2-4158-A8A5-506B578D6E08}.Release|Win32.Build.0 = Release|Win32
		{6BAE9CF1-A632-461A-A5D4-527A5EB3A93D}.Debug|Win32.ActiveCfg = Debug|Win32
		{6BAE9CF1-A632-461A-A5D4-527A5EB3A93D}.Debug|Win32.Build.0 = Debug|Win32
		{6BAE9CF1-A632-461A-A5D4-527A5EB3A93D}.Release|Win32.ActiveCfg = Release|Win32
		{6BAE9CF1-A632-461A-A5D4-527A5EB3A93D}.Release|Win32.Build.0 = Release|Win32
		{A27E7B13-1C7A-4172-9932-B0A4D15F398D}.Debug|Win32.ActiveCfg = Debug|Win32
		{A27E7B13-1C7A-4172-9932-B0A4D15F398D}.Debug|Win32.Build.0 = Debug|Win32
		{A27E7B13-1C7A-4172-9932-B0A4D15F398D}.Release|Win32.ActiveCfg = Release|Win32
		{A27E7B13-1C7A-4172-9932-B0A4D15F398D}.Release|Win32.Build.0 = Release|Win32
		{FB1A9503-D67D-4311-AB3B-113DAD7D6F9F}.Debug|Win32.ActiveCfg = Debug|Win32
		{FB1A9503-D67D-4311-AB3B-113DAD7D6F9F}.Debug|Win32.Build.0 = Debug|Win32
		{FB1A9503-D67D-4311-AB3B-113DAD7D6F9F}.Release|Win32.ActiveCfg = Release|Win32
		{FB1A9503-D67D-4311-AB3B-113DAD7D6F9F}.Release|Win32.Build.0 = Release|Win32
	EndGlobalSection
	GlobalSection(SolutionProperties) = preSolution
		HideSolutionNode = FALSE
	EndGlobalSection
	GlobalSection(NestedProjects) = preSolution
		{70B08D30-AE70-4D4C-A362-6049ADCF030F} = {4FD68E7D-6D5A-40DE-98F6-2483772A3860}
	EndGlobalSection
EndGlobal
