
Microsoft Visual Studio Solution File, Format Version 11.00
# Visual Studio 2010
Project("{2150E333-8FDC-42A3-9474-1A3956D46DE8}") = "Scripts", "Scripts", "{4FD68E7D-6D5A-40DE-98F6-2483772A3860}"
	ProjectSection(SolutionItems) = preProject
		exe\Resource\Scripts\initialize.lua = exe\Resource\Scripts\initialize.lua
	EndProjectSection
EndProject
Project("{2150E333-8FDC-42A3-9474-1A3956D46DE8}") = "ui script", "ui script", "{70B08D30-AE70-4D4C-A362-6049ADCF030F}"
	ProjectSection(SolutionItems) = preProject
		exe\Resource\Scripts\ui\ui.lua = exe\Resource\Scripts\ui\ui.lua
		exe\Resource\Scripts\ui\utility.lua = exe\Resource\Scripts\ui\utility.lua
	EndProjectSection
EndProject
Project("{8BC9CEB8-8B4A-11D0-8D11-00A0C91BC942}") = "GameClient", "GameClient\GameClient.vcxproj", "{C9AE6665-7E52-4E5D-862D-6E37BA55FEA9}"
	ProjectSection(ProjectDependencies) = postProject
		{9CCB6689-4F67-4B78-B5FD-F1C3AD60182F} = {9CCB6689-4F67-4B78-B5FD-F1C3AD60182F}
		{F2303FEE-E0F3-4856-A054-8329189231AC} = {F2303FEE-E0F3-4856-A054-8329189231AC}
	EndProjectSection
EndProject
Project("{8BC9CEB8-8B4A-11D0-8D11-00A0C91BC942}") = "GameCore", "GameSDK\GameCore\GameCore.vcxproj", "{2DB0D95C-7472-4494-BB66-E3F2624EEE87}"
EndProject
Project("{8BC9CEB8-8B4A-11D0-8D11-00A0C91BC942}") = "GUI", "GameSDK\GameUILib\GUI.vcxproj", "{0CAAD250-94F2-4158-A8A5-506B578D6E08}"
EndProject
Project("{8BC9CEB8-8B4A-11D0-8D11-00A0C91BC942}") = "SLB", "GameSDK\SLB\SLB.vcxproj", "{A27E7B13-1C7A-4172-9932-B0A4D15F398D}"
EndProject
Project("{8BC9CEB8-8B4A-11D0-8D11-00A0C91BC942}") = "hge", "Depend\hge181\src\core\hge.vcxproj", "{FB1A9503-D67D-4311-AB3B-113DAD7D6F9F}"
EndProject
Project("{8BC9CEB8-8B4A-11D0-8D11-00A0C91BC942}") = "LuaDebuger", "LuaDebuger\LuaDebuger.vcxproj", "{A6A3A671-E708-4D13-9D42-2EF9BF13A4AF}"
EndProject
Project("{8BC9CEB8-8B4A-11D0-8D11-00A0C91BC942}") = "LuaDebugConsole", "LuaDebugConsole\LuaDebugConsole.vcxproj", "{58D8BDF1-87D1-4325-8A31-DCA78518A7E7}"
EndProject
Project("{8BC9CEB8-8B4A-11D0-8D11-00A0C91BC942}") = "Common", "xgcBase\Common\Common.vcxproj", "{6A7B47C4-7997-47CC-A6D7-FEE15279F2F9}"
EndProject
Project("{8BC9CEB8-8B4A-11D0-8D11-00A0C91BC942}") = "Database", "xgcBase\Database\Database.vcxproj", "{9CCB6689-4F67-4B78-B5FD-F1C3AD60182F}"
EndProject
Project("{8BC9CEB8-8B4A-11D0-8D11-00A0C91BC942}") = "LoginServer", "LoginServer\LoginServer.vcxproj", "{57E909C8-020C-4F3D-A2A3-A682389E6DD8}"
EndProject
Project("{8BC9CEB8-8B4A-11D0-8D11-00A0C91BC942}") = "NetBase", "xgcBase\NetBase\NetBase.vcxproj", "{F2303FEE-E0F3-4856-A054-8329189231AC}"
	ProjectSection(ProjectDependencies) = postProject
		{6A7B47C4-7997-47CC-A6D7-FEE15279F2F9} = {6A7B47C4-7997-47CC-A6D7-FEE15279F2F9}
	EndProjectSection
EndProject
Project("{8BC9CEB8-8B4A-11D0-8D11-00A0C91BC942}") = "MessageCreator", "MessageCreator\MessageCreator.vcxproj", "{9C388BF4-F5C5-4A26-9BAB-650EDC454E87}"
EndProject
Project("{8BC9CEB8-8B4A-11D0-8D11-00A0C91BC942}") = "MessageManager", "MessageManager\MessageManager.vcxproj", "{EF8DD9D1-83CB-44CC-B964-5861F0E489A2}"
EndProject
Project("{8BC9CEB8-8B4A-11D0-8D11-00A0C91BC942}") = "vld", "Depend\Visual Leak Detector\src\vld.vcxproj", "{0D30FFCB-45DA-4D2B-8E3C-81BC145BF2DE}"
EndProject
Global
	GlobalSection(SolutionConfigurationPlatforms) = preSolution
		Debug|Win32 = Debug|Win32
		Debug|x64 = Debug|x64
		Release|Win32 = Release|Win32
		Release|x64 = Release|x64
	EndGlobalSection
	GlobalSection(ProjectConfigurationPlatforms) = postSolution
		{C9AE6665-7E52-4E5D-862D-6E37BA55FEA9}.Debug|Win32.ActiveCfg = Debug|Win32
		{C9AE6665-7E52-4E5D-862D-6E37BA55FEA9}.Debug|Win32.Build.0 = Debug|Win32
		{C9AE6665-7E52-4E5D-862D-6E37BA55FEA9}.Debug|x64.ActiveCfg = Debug|Win32
		{C9AE6665-7E52-4E5D-862D-6E37BA55FEA9}.Release|Win32.ActiveCfg = Release|Win32
		{C9AE6665-7E52-4E5D-862D-6E37BA55FEA9}.Release|Win32.Build.0 = Release|Win32
		{C9AE6665-7E52-4E5D-862D-6E37BA55FEA9}.Release|x64.ActiveCfg = Release|Win32
		{2DB0D95C-7472-4494-BB66-E3F2624EEE87}.Debug|Win32.ActiveCfg = Debug|Win32
		{2DB0D95C-7472-4494-BB66-E3F2624EEE87}.Debug|Win32.Build.0 = Debug|Win32
		{2DB0D95C-7472-4494-BB66-E3F2624EEE87}.Debug|x64.ActiveCfg = Debug|Win32
		{2DB0D95C-7472-4494-BB66-E3F2624EEE87}.Release|Win32.ActiveCfg = Release|Win32
		{2DB0D95C-7472-4494-BB66-E3F2624EEE87}.Release|Win32.Build.0 = Release|Win32
		{2DB0D95C-7472-4494-BB66-E3F2624EEE87}.Release|x64.ActiveCfg = Release|Win32
		{0CAAD250-94F2-4158-A8A5-506B578D6E08}.Debug|Win32.ActiveCfg = Debug|Win32
		{0CAAD250-94F2-4158-A8A5-506B578D6E08}.Debug|Win32.Build.0 = Debug|Win32
		{0CAAD250-94F2-4158-A8A5-506B578D6E08}.Debug|x64.ActiveCfg = Debug|Win32
		{0CAAD250-94F2-4158-A8A5-506B578D6E08}.Release|Win32.ActiveCfg = Release|Win32
		{0CAAD250-94F2-4158-A8A5-506B578D6E08}.Release|Win32.Build.0 = Release|Win32
		{0CAAD250-94F2-4158-A8A5-506B578D6E08}.Release|x64.ActiveCfg = Release|Win32
		{A27E7B13-1C7A-4172-9932-B0A4D15F398D}.Debug|Win32.ActiveCfg = Debug|Win32
		{A27E7B13-1C7A-4172-9932-B0A4D15F398D}.Debug|Win32.Build.0 = Debug|Win32
		{A27E7B13-1C7A-4172-9932-B0A4D15F398D}.Debug|x64.ActiveCfg = Debug|Win32
		{A27E7B13-1C7A-4172-9932-B0A4D15F398D}.Release|Win32.ActiveCfg = Release|Win32
		{A27E7B13-1C7A-4172-9932-B0A4D15F398D}.Release|Win32.Build.0 = Release|Win32
		{A27E7B13-1C7A-4172-9932-B0A4D15F398D}.Release|x64.ActiveCfg = Release|Win32
		{FB1A9503-D67D-4311-AB3B-113DAD7D6F9F}.Debug|Win32.ActiveCfg = Debug|Win32
		{FB1A9503-D67D-4311-AB3B-113DAD7D6F9F}.Debug|Win32.Build.0 = Debug|Win32
		{FB1A9503-D67D-4311-AB3B-113DAD7D6F9F}.Debug|x64.ActiveCfg = Debug|Win32
		{FB1A9503-D67D-4311-AB3B-113DAD7D6F9F}.Release|Win32.ActiveCfg = Release|Win32
		{FB1A9503-D67D-4311-AB3B-113DAD7D6F9F}.Release|Win32.Build.0 = Release|Win32
		{FB1A9503-D67D-4311-AB3B-113DAD7D6F9F}.Release|x64.ActiveCfg = Release|Win32
		{A6A3A671-E708-4D13-9D42-2EF9BF13A4AF}.Debug|Win32.ActiveCfg = Debug|Win32
		{A6A3A671-E708-4D13-9D42-2EF9BF13A4AF}.Debug|Win32.Build.0 = Debug|Win32
		{A6A3A671-E708-4D13-9D42-2EF9BF13A4AF}.Debug|x64.ActiveCfg = Debug|Win32
		{A6A3A671-E708-4D13-9D42-2EF9BF13A4AF}.Release|Win32.ActiveCfg = Release|Win32
		{A6A3A671-E708-4D13-9D42-2EF9BF13A4AF}.Release|Win32.Build.0 = Release|Win32
		{A6A3A671-E708-4D13-9D42-2EF9BF13A4AF}.Release|x64.ActiveCfg = Release|Win32
		{58D8BDF1-87D1-4325-8A31-DCA78518A7E7}.Debug|Win32.ActiveCfg = Debug|Win32
		{58D8BDF1-87D1-4325-8A31-DCA78518A7E7}.Debug|Win32.Build.0 = Debug|Win32
		{58D8BDF1-87D1-4325-8A31-DCA78518A7E7}.Debug|x64.ActiveCfg = Debug|Win32
		{58D8BDF1-87D1-4325-8A31-DCA78518A7E7}.Release|Win32.ActiveCfg = Release|Win32
		{58D8BDF1-87D1-4325-8A31-DCA78518A7E7}.Release|Win32.Build.0 = Release|Win32
		{58D8BDF1-87D1-4325-8A31-DCA78518A7E7}.Release|x64.ActiveCfg = Release|Win32
		{6A7B47C4-7997-47CC-A6D7-FEE15279F2F9}.Debug|Win32.ActiveCfg = Debug|Win32
		{6A7B47C4-7997-47CC-A6D7-FEE15279F2F9}.Debug|Win32.Build.0 = Debug|Win32
		{6A7B47C4-7997-47CC-A6D7-FEE15279F2F9}.Debug|x64.ActiveCfg = Debug|Win32
		{6A7B47C4-7997-47CC-A6D7-FEE15279F2F9}.Release|Win32.ActiveCfg = Release|Win32
		{6A7B47C4-7997-47CC-A6D7-FEE15279F2F9}.Release|Win32.Build.0 = Release|Win32
		{6A7B47C4-7997-47CC-A6D7-FEE15279F2F9}.Release|x64.ActiveCfg = Release|Win32
		{9CCB6689-4F67-4B78-B5FD-F1C3AD60182F}.Debug|Win32.ActiveCfg = Debug|Win32
		{9CCB6689-4F67-4B78-B5FD-F1C3AD60182F}.Debug|Win32.Build.0 = Debug|Win32
		{9CCB6689-4F67-4B78-B5FD-F1C3AD60182F}.Debug|x64.ActiveCfg = Debug|Win32
		{9CCB6689-4F67-4B78-B5FD-F1C3AD60182F}.Release|Win32.ActiveCfg = Release|Win32
		{9CCB6689-4F67-4B78-B5FD-F1C3AD60182F}.Release|Win32.Build.0 = Release|Win32
		{9CCB6689-4F67-4B78-B5FD-F1C3AD60182F}.Release|x64.ActiveCfg = Release|Win32
		{57E909C8-020C-4F3D-A2A3-A682389E6DD8}.Debug|Win32.ActiveCfg = Debug|Win32
		{57E909C8-020C-4F3D-A2A3-A682389E6DD8}.Debug|Win32.Build.0 = Debug|Win32
		{57E909C8-020C-4F3D-A2A3-A682389E6DD8}.Debug|x64.ActiveCfg = Debug|Win32
		{57E909C8-020C-4F3D-A2A3-A682389E6DD8}.Release|Win32.ActiveCfg = Release|Win32
		{57E909C8-020C-4F3D-A2A3-A682389E6DD8}.Release|Win32.Build.0 = Release|Win32
		{57E909C8-020C-4F3D-A2A3-A682389E6DD8}.Release|x64.ActiveCfg = Release|Win32
		{F2303FEE-E0F3-4856-A054-8329189231AC}.Debug|Win32.ActiveCfg = Debug|Win32
		{F2303FEE-E0F3-4856-A054-8329189231AC}.Debug|Win32.Build.0 = Debug|Win32
		{F2303FEE-E0F3-4856-A054-8329189231AC}.Debug|x64.ActiveCfg = Debug|Win32
		{F2303FEE-E0F3-4856-A054-8329189231AC}.Release|Win32.ActiveCfg = Release|Win32
		{F2303FEE-E0F3-4856-A054-8329189231AC}.Release|Win32.Build.0 = Release|Win32
		{F2303FEE-E0F3-4856-A054-8329189231AC}.Release|x64.ActiveCfg = Release|Win32
		{9C388BF4-F5C5-4A26-9BAB-650EDC454E87}.Debug|Win32.ActiveCfg = Debug|Win32
		{9C388BF4-F5C5-4A26-9BAB-650EDC454E87}.Debug|Win32.Build.0 = Debug|Win32
		{9C388BF4-F5C5-4A26-9BAB-650EDC454E87}.Debug|x64.ActiveCfg = Debug|Win32
		{9C388BF4-F5C5-4A26-9BAB-650EDC454E87}.Release|Win32.ActiveCfg = Release|Win32
		{9C388BF4-F5C5-4A26-9BAB-650EDC454E87}.Release|Win32.Build.0 = Release|Win32
		{9C388BF4-F5C5-4A26-9BAB-650EDC454E87}.Release|x64.ActiveCfg = Release|Win32
		{EF8DD9D1-83CB-44CC-B964-5861F0E489A2}.Debug|Win32.ActiveCfg = Debug|Win32
		{EF8DD9D1-83CB-44CC-B964-5861F0E489A2}.Debug|Win32.Build.0 = Debug|Win32
		{EF8DD9D1-83CB-44CC-B964-5861F0E489A2}.Debug|x64.ActiveCfg = Debug|Win32
		{EF8DD9D1-83CB-44CC-B964-5861F0E489A2}.Release|Win32.ActiveCfg = Release|Win32
		{EF8DD9D1-83CB-44CC-B964-5861F0E489A2}.Release|Win32.Build.0 = Release|Win32
		{EF8DD9D1-83CB-44CC-B964-5861F0E489A2}.Release|x64.ActiveCfg = Release|Win32
		{0D30FFCB-45DA-4D2B-8E3C-81BC145BF2DE}.Debug|Win32.ActiveCfg = Debug|Win32
		{0D30FFCB-45DA-4D2B-8E3C-81BC145BF2DE}.Debug|Win32.Build.0 = Debug|Win32
		{0D30FFCB-45DA-4D2B-8E3C-81BC145BF2DE}.Debug|x64.ActiveCfg = Debug|x64
		{0D30FFCB-45DA-4D2B-8E3C-81BC145BF2DE}.Debug|x64.Build.0 = Debug|x64
		{0D30FFCB-45DA-4D2B-8E3C-81BC145BF2DE}.Release|Win32.ActiveCfg = Release|Win32
		{0D30FFCB-45DA-4D2B-8E3C-81BC145BF2DE}.Release|Win32.Build.0 = Release|Win32
		{0D30FFCB-45DA-4D2B-8E3C-81BC145BF2DE}.Release|x64.ActiveCfg = Release|x64
		{0D30FFCB-45DA-4D2B-8E3C-81BC145BF2DE}.Release|x64.Build.0 = Release|x64
	EndGlobalSection
	GlobalSection(SolutionProperties) = preSolution
		HideSolutionNode = FALSE
	EndGlobalSection
	GlobalSection(NestedProjects) = preSolution
		{70B08D30-AE70-4D4C-A362-6049ADCF030F} = {4FD68E7D-6D5A-40DE-98F6-2483772A3860}
	EndGlobalSection
EndGlobal
