Microsoft Visual Studio Solution File, Format Version 10.00
# Visual Studio 2008
Project("{8BC9CEB8-8B4A-11D0-8D11-00A0C91BC942}") = "ALL_BUILD", ".\ALL_BUILD.vcproj", "{7DDA3E8F-5DD0-4C2D-B3B1-92EBF74CECC2}"
	ProjectSection(ProjectDependencies) = postProject
		{84399283-0232-44DE-BE8A-BC6DD7C1F7FE} = {84399283-0232-44DE-BE8A-BC6DD7C1F7FE}
	EndProjectSection
EndProject
Project("{8BC9CEB8-8B4A-11D0-8D11-00A0C91BC942}") = "INSTALL", ".\INSTALL.vcproj", "{AC2ED00E-0214-4BCC-870E-C934C3A5D563}"
	ProjectSection(ProjectDependencies) = postProject
		{7DDA3E8F-5DD0-4C2D-B3B1-92EBF74CECC2} = {7DDA3E8F-5DD0-4C2D-B3B1-92EBF74CECC2}
	EndProjectSection
EndProject
Project("{8BC9CEB8-8B4A-11D0-8D11-00A0C91BC942}") = "MyGUIEngine", ".\MyGUIEngine.vcproj", "{84399283-0232-44DE-BE8A-BC6DD7C1F7FE}"
	ProjectSection(ProjectDependencies) = postProject
		{DBBC70B3-3EBE-4D8F-880B-AF182F43B4F3} = {DBBC70B3-3EBE-4D8F-880B-AF182F43B4F3}
	EndProjectSection
EndProject
Project("{8BC9CEB8-8B4A-11D0-8D11-00A0C91BC942}") = "ZERO_CHECK", "..\ZERO_CHECK.vcproj", "{DBBC70B3-3EBE-4D8F-880B-AF182F43B4F3}"
	ProjectSection(ProjectDependencies) = postProject
	EndProjectSection
EndProject
Global
	GlobalSection(SolutionConfigurationPlatforms) = preSolution
		Debug|Win32 = Debug|Win32
		Release|Win32 = Release|Win32
		MinSizeRel|Win32 = MinSizeRel|Win32
		RelWithDebInfo|Win32 = RelWithDebInfo|Win32
	EndGlobalSection
	GlobalSection(ProjectConfigurationPlatforms) = postSolution
		{7DDA3E8F-5DD0-4C2D-B3B1-92EBF74CECC2}.Debug|Win32.ActiveCfg = Debug|Win32
		{7DDA3E8F-5DD0-4C2D-B3B1-92EBF74CECC2}.Debug|Win32.Build.0 = Debug|Win32
		{7DDA3E8F-5DD0-4C2D-B3B1-92EBF74CECC2}.Release|Win32.ActiveCfg = Release|Win32
		{7DDA3E8F-5DD0-4C2D-B3B1-92EBF74CECC2}.Release|Win32.Build.0 = Release|Win32
		{7DDA3E8F-5DD0-4C2D-B3B1-92EBF74CECC2}.MinSizeRel|Win32.ActiveCfg = MinSizeRel|Win32
		{7DDA3E8F-5DD0-4C2D-B3B1-92EBF74CECC2}.MinSizeRel|Win32.Build.0 = MinSizeRel|Win32
		{7DDA3E8F-5DD0-4C2D-B3B1-92EBF74CECC2}.RelWithDebInfo|Win32.ActiveCfg = RelWithDebInfo|Win32
		{7DDA3E8F-5DD0-4C2D-B3B1-92EBF74CECC2}.RelWithDebInfo|Win32.Build.0 = RelWithDebInfo|Win32
		{AC2ED00E-0214-4BCC-870E-C934C3A5D563}.Debug|Win32.ActiveCfg = Debug|Win32
		{AC2ED00E-0214-4BCC-870E-C934C3A5D563}.Release|Win32.ActiveCfg = Release|Win32
		{AC2ED00E-0214-4BCC-870E-C934C3A5D563}.MinSizeRel|Win32.ActiveCfg = MinSizeRel|Win32
		{AC2ED00E-0214-4BCC-870E-C934C3A5D563}.RelWithDebInfo|Win32.ActiveCfg = RelWithDebInfo|Win32
		{84399283-0232-44DE-BE8A-BC6DD7C1F7FE}.Debug|Win32.ActiveCfg = Debug|Win32
		{84399283-0232-44DE-BE8A-BC6DD7C1F7FE}.Debug|Win32.Build.0 = Debug|Win32
		{84399283-0232-44DE-BE8A-BC6DD7C1F7FE}.Release|Win32.ActiveCfg = Release|Win32
		{84399283-0232-44DE-BE8A-BC6DD7C1F7FE}.Release|Win32.Build.0 = Release|Win32
		{84399283-0232-44DE-BE8A-BC6DD7C1F7FE}.MinSizeRel|Win32.ActiveCfg = MinSizeRel|Win32
		{84399283-0232-44DE-BE8A-BC6DD7C1F7FE}.MinSizeRel|Win32.Build.0 = MinSizeRel|Win32
		{84399283-0232-44DE-BE8A-BC6DD7C1F7FE}.RelWithDebInfo|Win32.ActiveCfg = RelWithDebInfo|Win32
		{84399283-0232-44DE-BE8A-BC6DD7C1F7FE}.RelWithDebInfo|Win32.Build.0 = RelWithDebInfo|Win32
		{DBBC70B3-3EBE-4D8F-880B-AF182F43B4F3}.Debug|Win32.ActiveCfg = Debug|Win32
		{DBBC70B3-3EBE-4D8F-880B-AF182F43B4F3}.Debug|Win32.Build.0 = Debug|Win32
		{DBBC70B3-3EBE-4D8F-880B-AF182F43B4F3}.Release|Win32.ActiveCfg = Release|Win32
		{DBBC70B3-3EBE-4D8F-880B-AF182F43B4F3}.Release|Win32.Build.0 = Release|Win32
		{DBBC70B3-3EBE-4D8F-880B-AF182F43B4F3}.MinSizeRel|Win32.ActiveCfg = MinSizeRel|Win32
		{DBBC70B3-3EBE-4D8F-880B-AF182F43B4F3}.MinSizeRel|Win32.Build.0 = MinSizeRel|Win32
		{DBBC70B3-3EBE-4D8F-880B-AF182F43B4F3}.RelWithDebInfo|Win32.ActiveCfg = RelWithDebInfo|Win32
		{DBBC70B3-3EBE-4D8F-880B-AF182F43B4F3}.RelWithDebInfo|Win32.Build.0 = RelWithDebInfo|Win32
	EndGlobalSection
	GlobalSection(ExtensibilityGlobals) = postSolution
	EndGlobalSection
	GlobalSection(ExtensibilityAddIns) = postSolution
	EndGlobalSection
EndGlobal
