
Microsoft Visual Studio Solution File, Format Version 9.00
# Visual Studio 2005
Project("{8BC9CEB8-8B4A-11D0-8D11-00A0C91BC942}") = "fontconv", "fontconv.vcproj", "{DB98DC95-869B-4F98-AFA7-EDD40C12F0B4}"
EndProject
Global
	GlobalSection(SolutionConfigurationPlatforms) = preSolution
		Debug|Win32 = Debug|Win32
		Release|Win32 = Release|Win32
	EndGlobalSection
	GlobalSection(ProjectConfigurationPlatforms) = postSolution
		{DB98DC95-869B-4F98-AFA7-EDD40C12F0B4}.Debug|Win32.ActiveCfg = Debug|Win32
		{DB98DC95-869B-4F98-AFA7-EDD40C12F0B4}.Debug|Win32.Build.0 = Debug|Win32
		{DB98DC95-869B-4F98-AFA7-EDD40C12F0B4}.Release|Win32.ActiveCfg = Release|Win32
		{DB98DC95-869B-4F98-AFA7-EDD40C12F0B4}.Release|Win32.Build.0 = Release|Win32
	EndGlobalSection
	GlobalSection(SolutionProperties) = preSolution
		HideSolutionNode = FALSE
	EndGlobalSection
EndGlobal
