<?xml version="1.0" encoding="utf-8"?>
<Project ToolsVersion="4.0" xmlns="http://schemas.microsoft.com/developer/msbuild/2003">
  <ItemGroup>
    <Filter Include="Source Files">
      <UniqueIdentifier>{4FC737F1-C7A5-4376-A066-2A32D752A2FF}</UniqueIdentifier>
      <Extensions>cpp;c;cc;cxx;def;odl;idl;hpj;bat;asm;asmx</Extensions>
    </Filter>
    <Filter Include="Header Files">
      <UniqueIdentifier>{93995380-89BD-4b04-88EB-625FBE52EBFB}</UniqueIdentifier>
      <Extensions>h;hpp;hxx;hm;inl;inc;xsd</Extensions>
    </Filter>
    <Filter Include="Resource Files">
      <UniqueIdentifier>{67DA6AB6-F800-4c08-8B7A-83BB121AAD01}</UniqueIdentifier>
      <Extensions>rc;ico;cur;bmp;dlg;rc2;rct;bin;rgs;gif;jpg;jpeg;jpe;resx;tiff;tif;png;wav</Extensions>
    </Filter>
  </ItemGroup>
  <ItemGroup>
    <ClCompile Include="src\Class.cpp">
      <Filter>Source Files</Filter>
    </ClCompile>
    <ClCompile Include="src\ClassHelpers.cpp">
      <Filter>Source Files</Filter>
    </ClCompile>
    <ClCompile Include="src\ClassInfo.cpp">
      <Filter>Source Files</Filter>
    </ClCompile>
    <ClCompile Include="src\Debug.cpp">
      <Filter>Source Files</Filter>
    </ClCompile>
    <ClCompile Include="src\FuncCall.cpp">
      <Filter>Source Files</Filter>
    </ClCompile>
    <ClCompile Include="src\Hybrid.cpp">
      <Filter>Source Files</Filter>
    </ClCompile>
    <ClCompile Include="src\Instance.cpp">
      <Filter>Source Files</Filter>
    </ClCompile>
    <ClCompile Include="src\Iterator.cpp">
      <Filter>Source Files</Filter>
    </ClCompile>
    <ClCompile Include="src\LuaCall.cpp">
      <Filter>Source Files</Filter>
    </ClCompile>
    <ClCompile Include="src\LuaObject.cpp">
      <Filter>Source Files</Filter>
    </ClCompile>
    <ClCompile Include="src\Manager.cpp">
      <Filter>Source Files</Filter>
    </ClCompile>
    <ClCompile Include="src\Object.cpp">
      <Filter>Source Files</Filter>
    </ClCompile>
    <ClCompile Include="src\Script.cpp">
      <Filter>Source Files</Filter>
    </ClCompile>
    <ClCompile Include="src\SLB.cpp">
      <Filter>Source Files</Filter>
    </ClCompile>
    <ClCompile Include="src\Table.cpp">
      <Filter>Source Files</Filter>
    </ClCompile>
    <ClCompile Include="src\Type.cpp">
      <Filter>Source Files</Filter>
    </ClCompile>
    <ClCompile Include="src\Value.cpp">
      <Filter>Source Files</Filter>
    </ClCompile>
  </ItemGroup>
  <ItemGroup>
    <ClInclude Include="include\SLB\Class.hpp">
      <Filter>Header Files</Filter>
    </ClInclude>
    <ClInclude Include="include\SLB\ClassHelpers.hpp">
      <Filter>Header Files</Filter>
    </ClInclude>
    <ClInclude Include="include\SLB\ClassInfo.hpp">
      <Filter>Header Files</Filter>
    </ClInclude>
    <ClInclude Include="include\SLB\Conversor.hpp">
      <Filter>Header Files</Filter>
    </ClInclude>
    <ClInclude Include="include\SLB\Debug.hpp">
      <Filter>Header Files</Filter>
    </ClInclude>
    <ClInclude Include="include\SLB\Export.hpp">
      <Filter>Header Files</Filter>
    </ClInclude>
    <ClInclude Include="include\SLB\FuncCall.hpp">
      <Filter>Header Files</Filter>
    </ClInclude>
    <ClInclude Include="include\SLB\Hybrid.hpp">
      <Filter>Header Files</Filter>
    </ClInclude>
    <ClInclude Include="include\SLB\Instance.hpp">
      <Filter>Header Files</Filter>
    </ClInclude>
    <ClInclude Include="include\SLB\Iterator.hpp">
      <Filter>Header Files</Filter>
    </ClInclude>
    <ClInclude Include="include\SLB\lua.hpp">
      <Filter>Header Files</Filter>
    </ClInclude>
    <ClInclude Include="include\SLB\LuaCall.hpp">
      <Filter>Header Files</Filter>
    </ClInclude>
    <ClInclude Include="include\SLB\LuaObject.h">
      <Filter>Header Files</Filter>
    </ClInclude>
    <ClInclude Include="include\SLB\Manager.hpp">
      <Filter>Header Files</Filter>
    </ClInclude>
    <ClInclude Include="include\SLB\Member.h">
      <Filter>Header Files</Filter>
    </ClInclude>
    <ClInclude Include="include\SLB\Object.hpp">
      <Filter>Header Files</Filter>
    </ClInclude>
    <ClInclude Include="include\SLB\Private_FuncCall.hpp">
      <Filter>Header Files</Filter>
    </ClInclude>
    <ClInclude Include="include\SLB\PushGet.hpp">
      <Filter>Header Files</Filter>
    </ClInclude>
    <ClInclude Include="include\SLB\ref_ptr.hpp">
      <Filter>Header Files</Filter>
    </ClInclude>
    <ClInclude Include="include\SLB\Script.hpp">
      <Filter>Header Files</Filter>
    </ClInclude>
    <ClInclude Include="include\SLB\SLB.hpp">
      <Filter>Header Files</Filter>
    </ClInclude>
    <ClInclude Include="include\SLB\SPP.hpp">
      <Filter>Header Files</Filter>
    </ClInclude>
    <ClInclude Include="include\SLB\StatefulHybrid.hpp">
      <Filter>Header Files</Filter>
    </ClInclude>
    <ClInclude Include="include\SLB\Table.hpp">
      <Filter>Header Files</Filter>
    </ClInclude>
    <ClInclude Include="include\SLB\Type.hpp">
      <Filter>Header Files</Filter>
    </ClInclude>
    <ClInclude Include="include\SLB\util.hpp">
      <Filter>Header Files</Filter>
    </ClInclude>
    <ClInclude Include="include\SLB\Value.hpp">
      <Filter>Header Files</Filter>
    </ClInclude>
  </ItemGroup>
</Project>